// !$*UTF8*$!
{
	archiveVersion = 1;
	classes = {
	};
	objectVersion = 46;
	objects = {

/* Begin PBXBuildFile section */
		ADC3B03D1E8216B6009750F9 /* AppDelegate.swift in Sources */ = {isa = PBXBuildFile; fileRef = ADC3B03C1E8216B6009750F9 /* AppDelegate.swift */; };
		ADC3B03F1E8216B6009750F9 /* ViewController.swift in Sources */ = {isa = PBXBuildFile; fileRef = ADC3B03E1E8216B6009750F9 /* ViewController.swift */; };
		ADC3B0421E8216B6009750F9 /* Main.storyboard in Resources */ = {isa = PBXBuildFile; fileRef = ADC3B0401E8216B6009750F9 /* Main.storyboard */; };
		ADC3B0441E8216B6009750F9 /* Assets.xcassets in Resources */ = {isa = PBXBuildFile; fileRef = ADC3B0431E8216B6009750F9 /* Assets.xcassets */; };
		ADC3B0471E8216B6009750F9 /* LaunchScreen.storyboard in Resources */ = {isa = PBXBuildFile; fileRef = ADC3B0451E8216B6009750F9 /* LaunchScreen.storyboard */; };
		ADC3B04F1E821DAE009750F9 /* Peertalk.framework in Frameworks */ = {isa = PBXBuildFile; fileRef = ADC3B04E1E821DAE009750F9 /* Peertalk.framework */; };
		ADC3B0501E821DAE009750F9 /* Peertalk.framework in Embed Frameworks */ = {isa = PBXBuildFile; fileRef = ADC3B04E1E821DAE009750F9 /* Peertalk.framework */; settings = {ATTRIBUTES = (CodeSignOnCopy, RemoveHeadersOnCopy, ); }; };
		ADC3B0531E8254C5009750F9 /* HouraiUSBProtocol.swift in Sources */ = {isa = PBXBuildFile; fileRef = ADC3B0521E8254C5009750F9 /* HouraiUSBProtocol.swift */; };
/* End PBXBuildFile section */

/* Begin PBXCopyFilesBuildPhase section */
		ADC3B0511E821DAE009750F9 /* Embed Frameworks */ = {
			isa = PBXCopyFilesBuildPhase;
			buildActionMask = 2147483647;
			dstPath = "";
			dstSubfolderSpec = 10;
			files = (
				ADC3B0501E821DAE009750F9 /* Peertalk.framework in Embed Frameworks */,
			);
			name = "Embed Frameworks";
			runOnlyForDeploymentPostprocessing = 0;
		};
/* End PBXCopyFilesBuildPhase section */

/* Begin PBXFileReference section */
		ADC3B0391E8216B6009750F9 /* Hourai.app */ = {isa = PBXFileReference; explicitFileType = wrapper.application; includeInIndex = 0; path = Hourai.app; sourceTree = BUILT_PRODUCTS_DIR; };
		ADC3B03C1E8216B6009750F9 /* AppDelegate.swift */ = {isa = PBXFileReference; lastKnownFileType = sourcecode.swift; path = AppDelegate.swift; sourceTree = "<group>"; };
		ADC3B03E1E8216B6009750F9 /* ViewController.swift */ = {isa = PBXFileReference; lastKnownFileType = sourcecode.swift; path = ViewController.swift; sourceTree = "<group>"; };
		ADC3B0411E8216B6009750F9 /* Base */ = {isa = PBXFileReference; lastKnownFileType = file.storyboard; name = Base; path = Base.lproj/Main.storyboard; sourceTree = "<group>"; };
		ADC3B0431E8216B6009750F9 /* Assets.xcassets */ = {isa = PBXFileReference; lastKnownFileType = folder.assetcatalog; path = Assets.xcassets; sourceTree = "<group>"; };
		ADC3B0461E8216B6009750F9 /* Base */ = {isa = PBXFileReference; lastKnownFileType = file.storyboard; name = Base; path = Base.lproj/LaunchScreen.storyboard; sourceTree = "<group>"; };
		ADC3B0481E8216B6009750F9 /* Info.plist */ = {isa = PBXFileReference; lastKnownFileType = text.plist.xml; path = Info.plist; sourceTree = "<group>"; };
		ADC3B04E1E821DAE009750F9 /* Peertalk.framework */ = {isa = PBXFileReference; lastKnownFileType = wrapper.framework; name = Peertalk.framework; path = Carthage/Build/iOS/Peertalk.framework; sourceTree = "<group>"; };
		ADC3B0521E8254C5009750F9 /* HouraiUSBProtocol.swift */ = {isa = PBXFileReference; fileEncoding = 4; lastKnownFileType = sourcecode.swift; path = HouraiUSBProtocol.swift; sourceTree = "<group>"; };
/* End PBXFileReference section */

/* Begin PBXFrameworksBuildPhase section */
		ADC3B0361E8216B6009750F9 /* Frameworks */ = {
			isa = PBXFrameworksBuildPhase;
			buildActionMask = 2147483647;
			files = (
				ADC3B04F1E821DAE009750F9 /* Peertalk.framework in Frameworks */,
			);
			runOnlyForDeploymentPostprocessing = 0;
		};
/* End PBXFrameworksBuildPhase section */

/* Begin PBXGroup section */
		ADC3B0301E8216B6009750F9 = {
			isa = PBXGroup;
			children = (
				ADC3B04E1E821DAE009750F9 /* Peertalk.framework */,
				ADC3B03B1E8216B6009750F9 /* Hourai */,
				ADC3B03A1E8216B6009750F9 /* Products */,
			);
			sourceTree = "<group>";
		};
		ADC3B03A1E8216B6009750F9 /* Products */ = {
			isa = PBXGroup;
			children = (
				ADC3B0391E8216B6009750F9 /* Hourai.app */,
			);
			name = Products;
			sourceTree = "<group>";
		};
		ADC3B03B1E8216B6009750F9 /* Hourai */ = {
			isa = PBXGroup;
			children = (
				ADC3B03C1E8216B6009750F9 /* AppDelegate.swift */,
				ADC3B03E1E8216B6009750F9 /* ViewController.swift */,
				ADC3B0401E8216B6009750F9 /* Main.storyboard */,
				ADC3B0431E8216B6009750F9 /* Assets.xcassets */,
				ADC3B0451E8216B6009750F9 /* LaunchScreen.storyboard */,
				ADC3B0481E8216B6009750F9 /* Info.plist */,
				ADC3B0521E8254C5009750F9 /* HouraiUSBProtocol.swift */,
			);
			path = Hourai;
			sourceTree = "<group>";
		};
/* End PBXGroup section */

/* Begin PBXNativeTarget section */
		ADC3B0381E8216B6009750F9 /* Hourai */ = {
			isa = PBXNativeTarget;
			buildConfigurationList = ADC3B04B1E8216B6009750F9 /* Build configuration list for PBXNativeTarget "Hourai" */;
			buildPhases = (
				ADC3B0351E8216B6009750F9 /* Sources */,
				ADC3B0361E8216B6009750F9 /* Frameworks */,
				ADC3B0371E8216B6009750F9 /* Resources */,
				ADC3B0511E821DAE009750F9 /* Embed Frameworks */,
			);
			buildRules = (
			);
			dependencies = (
			);
			name = Hourai;
			productName = Hourai;
			productReference = ADC3B0391E8216B6009750F9 /* Hourai.app */;
			productType = "com.apple.product-type.application";
		};
/* End PBXNativeTarget section */

/* Begin PBXProject section */
		ADC3B0311E8216B6009750F9 /* Project object */ = {
			isa = PBXProject;
			attributes = {
				LastSwiftUpdateCheck = 0820;
				LastUpgradeCheck = 0820;
				ORGANIZATIONNAME = liwushuo;
				TargetAttributes = {
					ADC3B0381E8216B6009750F9 = {
						CreatedOnToolsVersion = 8.2.1;
						DevelopmentTeam = Q5G7783EQK;
						ProvisioningStyle = Automatic;
					};
				};
			};
			buildConfigurationList = ADC3B0341E8216B6009750F9 /* Build configuration list for PBXProject "Hourai" */;
			compatibilityVersion = "Xcode 3.2";
			developmentRegion = English;
			hasScannedForEncodings = 0;
			knownRegions = (
				en,
				Base,
			);
			mainGroup = ADC3B0301E8216B6009750F9;
			productRefGroup = ADC3B03A1E8216B6009750F9 /* Products */;
			projectDirPath = "";
			projectRoot = "";
			targets = (
				ADC3B0381E8216B6009750F9 /* Hourai */,
			);
		};
/* End PBXProject section */

/* Begin PBXResourcesBuildPhase section */
		ADC3B0371E8216B6009750F9 /* Resources */ = {
			isa = PBXResourcesBuildPhase;
			buildActionMask = 2147483647;
			files = (
				ADC3B0471E8216B6009750F9 /* LaunchScreen.storyboard in Resources */,
				ADC3B0441E8216B6009750F9 /* Assets.xcassets in Resources */,
				ADC3B0421E8216B6009750F9 /* Main.storyboard in Resources */,
			);
			runOnlyForDeploymentPostprocessing = 0;
		};
/* End PBXResourcesBuildPhase section */

/* Begin PBXSourcesBuildPhase section */
		ADC3B0351E8216B6009750F9 /* Sources */ = {
			isa = PBXSourcesBuildPhase;
			buildActionMask = 2147483647;
			files = (
				ADC3B03F1E8216B6009750F9 /* ViewController.swift in Sources */,
				ADC3B03D1E8216B6009750F9 /* AppDelegate.swift in Sources */,
				ADC3B0531E8254C5009750F9 /* HouraiUSBProtocol.swift in Sources */,
			);
			runOnlyForDeploymentPostprocessing = 0;
		};
/* End PBXSourcesBuildPhase section */

/* Begin PBXVariantGroup section */
		ADC3B0401E8216B6009750F9 /* Main.storyboard */ = {
			isa = PBXVariantGroup;
			children = (
				ADC3B0411E8216B6009750F9 /* Base */,
			);
			name = Main.storyboard;
			sourceTree = "<group>";
		};
		ADC3B0451E8216B6009750F9 /* LaunchScreen.storyboard */ = {
			isa = PBXVariantGroup;
			children = (
				ADC3B0461E8216B6009750F9 /* Base */,
			);
			name = LaunchScreen.storyboard;
			sourceTree = "<group>";
		};
/* End PBXVariantGroup section */

/* Begin XCBuildConfiguration section */
		ADC3B0491E8216B6009750F9 /* Debug */ = {
			isa = XCBuildConfiguration;
			buildSettings = {
				ALWAYS_SEARCH_USER_PATHS = NO;
				CLANG_ANALYZER_NONNULL = YES;
				CLANG_CXX_LANGUAGE_STANDARD = "gnu++0x";
				CLANG_CXX_LIBRARY = "libc++";
				CLANG_ENABLE_MODULES = YES;
				CLANG_ENABLE_OBJC_ARC = YES;
				CLANG_WARN_BOOL_CONVERSION = YES;
				CLANG_WARN_CONSTANT_CONVERSION = YES;
				CLANG_WARN_DIRECT_OBJC_ISA_USAGE = YES_ERROR;
				CLANG_WARN_DOCUMENTATION_COMMENTS = YES;
				CLANG_WARN_EMPTY_BODY = YES;
				CLANG_WARN_ENUM_CONVERSION = YES;
				CLANG_WARN_INFINITE_RECURSION = YES;
				CLANG_WARN_INT_CONVERSION = YES;
				CLANG_WARN_OBJC_ROOT_CLASS = YES_ERROR;
				CLANG_WARN_SUSPICIOUS_MOVE = YES;
				CLANG_WARN_UNREACHABLE_CODE = YES;
				CLANG_WARN__DUPLICATE_METHOD_MATCH = YES;
				"CODE_SIGN_IDENTITY[sdk=iphoneos*]" = "iPhone Developer";
				COPY_PHASE_STRIP = NO;
				DEBUG_INFORMATION_FORMAT = dwarf;
				ENABLE_STRICT_OBJC_MSGSEND = YES;
				ENABLE_TESTABILITY = YES;
				GCC_C_LANGUAGE_STANDARD = gnu99;
				GCC_DYNAMIC_NO_PIC = NO;
				GCC_NO_COMMON_BLOCKS = YES;
				GCC_OPTIMIZATION_LEVEL = 0;
				GCC_PREPROCESSOR_DEFINITIONS = (
					"DEBUG=1",
					"$(inherited)",
				);
				GCC_WARN_64_TO_32_BIT_CONVERSION = YES;
				GCC_WARN_ABOUT_RETURN_TYPE = YES_ERROR;
				GCC_WARN_UNDECLARED_SELECTOR = YES;
				GCC_WARN_UNINITIALIZED_AUTOS = YES_AGGRESSIVE;
				GCC_WARN_UNUSED_FUNCTION = YES;
				GCC_WARN_UNUSED_VARIABLE = YES;
				IPHONEOS_DEPLOYMENT_TARGET = 10.2;
				MTL_ENABLE_DEBUG_INFO = YES;
				ONLY_ACTIVE_ARCH = YES;
				SDKROOT = iphoneos;
				SWIFT_ACTIVE_COMPILATION_CONDITIONS = DEBUG;
				SWIFT_OPTIMIZATION_LEVEL = "-Onone";
				TARGETED_DEVICE_FAMILY = "1,2";
			};
			name = Debug;
		};
		ADC3B04A1E8216B6009750F9 /* Release */ = {
			isa = XCBuildConfiguration;
			buildSettings = {
				ALWAYS_SEARCH_USER_PATHS = NO;
				CLANG_ANALYZER_NONNULL = YES;
				CLANG_CXX_LANGUAGE_STANDARD = "gnu++0x";
				CLANG_CXX_LIBRARY = "libc++";
				CLANG_ENABLE_MODULES = YES;
				CLANG_ENABLE_OBJC_ARC = YES;
				CLANG_WARN_BOOL_CONVERSION = YES;
				CLANG_WARN_CONSTANT_CONVERSION = YES;
				CLANG_WARN_DIRECT_OBJC_ISA_USAGE = YES_ERROR;
				CLANG_WARN_DOCUMENTATION_COMMENTS = YES;
				CLANG_WARN_EMPTY_BODY = YES;
				CLANG_WARN_ENUM_CONVERSION = YES;
				CLANG_WARN_INFINITE_RECURSION = YES;
				CLANG_WARN_INT_CONVERSION = YES;
				CLANG_WARN_OBJC_ROOT_CLASS = YES_ERROR;
				CLANG_WARN_SUSPICIOUS_MOVE = YES;
				CLANG_WARN_UNREACHABLE_CODE = YES;
				CLANG_WARN__DUPLICATE_METHOD_MATCH = YES;
				"CODE_SIGN_IDENTITY[sdk=iphoneos*]" = "iPhone Developer";
				COPY_PHASE_STRIP = NO;
				DEBUG_INFORMATION_FORMAT = "dwarf-with-dsym";
				ENABLE_NS_ASSERTIONS = NO;
				ENABLE_STRICT_OBJC_MSGSEND = YES;
				GCC_C_LANGUAGE_STANDARD = gnu99;
				GCC_NO_COMMON_BLOCKS = YES;
				GCC_WARN_64_TO_32_BIT_CONVERSION = YES;
				GCC_WARN_ABOUT_RETURN_TYPE = YES_ERROR;
				GCC_WARN_UNDECLARED_SELECTOR = YES;
				GCC_WARN_UNINITIALIZED_AUTOS = YES_AGGRESSIVE;
				GCC_WARN_UNUSED_FUNCTION = YES;
				GCC_WARN_UNUSED_VARIABLE = YES;
				IPHONEOS_DEPLOYMENT_TARGET = 10.2;
				MTL_ENABLE_DEBUG_INFO = NO;
				SDKROOT = iphoneos;
				SWIFT_OPTIMIZATION_LEVEL = "-Owholemodule";
				TARGETED_DEVICE_FAMILY = "1,2";
				VALIDATE_PRODUCT = YES;
			};
			name = Release;
		};
		ADC3B04C1E8216B6009750F9 /* Debug */ = {
			isa = XCBuildConfiguration;
			buildSettings = {
				ASSETCATALOG_COMPILER_APPICON_NAME = AppIcon;
				DEVELOPMENT_TEAM = Q5G7783EQK;
				FRAMEWORK_SEARCH_PATHS = (
					"$(inherited)",
					"$(PROJECT_DIR)/Carthage/Build/iOS",
				);
				INFOPLIST_FILE = Hourai/Info.plist;
				IPHONEOS_DEPLOYMENT_TARGET = 9.0;
				LD_RUNPATH_SEARCH_PATHS = "$(inherited) @executable_path/Frameworks";
				PRODUCT_BUNDLE_IDENTIFIER = im.txx.Hourai;
				PRODUCT_NAME = "$(TARGET_NAME)";
				SWIFT_VERSION = 3.0;
			};
			name = Debug;
		};
		ADC3B04D1E8216B6009750F9 /* Release */ = {
			isa = XCBuildConfiguration;
			buildSettings = {
				ASSETCATALOG_COMPILER_APPICON_NAME = AppIcon;
				DEVELOPMENT_TEAM = Q5G7783EQK;
				FRAMEWORK_SEARCH_PATHS = (
					"$(inherited)",
					"$(PROJECT_DIR)/Carthage/Build/iOS",
				);
				INFOPLIST_FILE = Hourai/Info.plist;
				IPHONEOS_DEPLOYMENT_TARGET = 9.0;
				LD_RUNPATH_SEARCH_PATHS = "$(inherited) @executable_path/Frameworks";
				PRODUCT_BUNDLE_IDENTIFIER = im.txx.Hourai;
				PRODUCT_NAME = "$(TARGET_NAME)";
				SWIFT_VERSION = 3.0;
			};
			name = Release;
		};
/* End XCBuildConfiguration section */

/* Begin XCConfigurationList section */
		ADC3B0341E8216B6009750F9 /* Build configuration list for PBXProject "Hourai" */ = {
			isa = XCConfigurationList;
			buildConfigurations = (
				ADC3B0491E8216B6009750F9 /* Debug */,
				ADC3B04A1E8216B6009750F9 /* Release */,
			);
			defaultConfigurationIsVisible = 0;
			defaultConfigurationName = Release;
		};
		ADC3B04B1E8216B6009750F9 /* Build configuration list for PBXNativeTarget "Hourai" */ = {
			isa = XCConfigurationList;
			buildConfigurations = (
				ADC3B04C1E8216B6009750F9 /* Debug */,
				ADC3B04D1E8216B6009750F9 /* Release */,
			);
			defaultConfigurationIsVisible = 0;
			defaultConfigurationName = Release;
		};
/* End XCConfigurationList section */
	};
	rootObject = ADC3B0311E8216B6009750F9 /* Project object */;
}
